{
  "nodes": {
    "darwin": {
      "inputs": {
        "nixpkgs": [
          "nixpkgs"
        ]
      },
      "locked": {
        "lastModified": 1684343812,
        "narHash": "sha256-ZTEjiC8PDKeP8JRchuwcFXUNlMcyQ4U+DpyVZ3pB6Q4=",
        "owner": "LnL7",
        "repo": "nix-darwin",
        "rev": "dfbdabbb3e797334172094d4f6c0ffca8c791281",
        "type": "github"
      },
      "original": {
        "owner": "LnL7",
        "repo": "nix-darwin",
        "type": "github"
      }
    },
    "home-manager": {
      "inputs": {
        "nixpkgs": [
          "nixpkgs"
        ]
      },
      "locked": {
        "lastModified": 1684596126,
        "narHash": "sha256-4RZZmygeEXpuBqEXGs38ZAcWjWKGwu13Iqbxub6wuJk=",
        "owner": "nix-community",
        "repo": "home-manager",
        "rev": "27ef11f0218d9018ebb2948d40133df2b1de622d",
        "type": "github"
      },
      "original": {
        "owner": "nix-community",
        "repo": "home-manager",
        "type": "github"
      }
    },
    "nixpkgs": {
      "locked": {
        "lastModified": 1684585791,
        "narHash": "sha256-lYPboblKrchmbkGMoAcAivomiOscZCjtGxxTSCY51SM=",
        "owner": "nixos",
        "repo": "nixpkgs",
        "rev": "eea79d584eff53bf7a76aeb63f8845da6d386129",
        "type": "github"
      },
      "original": {
        "owner": "nixos",
        "ref": "nixpkgs-unstable",
        "repo": "nixpkgs",
        "type": "github"
      }
    },
    "root": {
      "inputs": {
        "darwin": "darwin",
        "home-manager": "home-manager",
        "nixpkgs": "nixpkgs"
      }
    }
  },
  "root": "root",
  "version": 7
}
