{
  "nodes": {
    "darwin": {
      "inputs": {
        "nixpkgs": [
          "nixpkgs"
        ]
      },
      "locked": {
        "lastModified": 1732420287,
        "narHash": "sha256-CzvYF4x6jUh/+NEEIFrIY5t1W/N3IA2bNZJiMXu9GTo=",
        "owner": "LnL7",
        "repo": "nix-darwin",
        "rev": "3c52583b99666a349a6219dc1f0dd07d75c82d6a",
        "type": "github"
      },
      "original": {
        "owner": "LnL7",
        "repo": "nix-darwin",
        "type": "github"
      }
    },
    "home-manager": {
      "inputs": {
        "nixpkgs": [
          "nixpkgs"
        ]
      },
      "locked": {
        "lastModified": 1732453510,
        "narHash": "sha256-mAOaLu++YRwOxCJ135Bhgf78WYhIKWHL2aGWCAoXoBg=",
        "owner": "nix-community",
        "repo": "home-manager",
        "rev": "bd58a1132e9b7f121f65313bc662ad6c8a05f878",
        "type": "github"
      },
      "original": {
        "owner": "nix-community",
        "repo": "home-manager",
        "type": "github"
      }
    },
    "nixpkgs": {
      "locked": {
        "lastModified": 1732238832,
        "narHash": "sha256-sQxuJm8rHY20xq6Ah+GwIUkF95tWjGRd1X8xF+Pkk38=",
        "owner": "nixos",
        "repo": "nixpkgs",
        "rev": "8edf06bea5bcbee082df1b7369ff973b91618b8d",
        "type": "github"
      },
      "original": {
        "owner": "nixos",
        "ref": "nixpkgs-unstable",
        "repo": "nixpkgs",
        "type": "github"
      }
    },
    "root": {
      "inputs": {
        "darwin": "darwin",
        "home-manager": "home-manager",
        "nixpkgs": "nixpkgs"
      }
    }
  },
  "root": "root",
  "version": 7
}
