{
  "version": 4,
  "terraform_version": "1.10.0",
  "serial": 5,
  "lineage": "6df6c5f2-3e3b-b676-6c71-cc8238038043",
  "outputs": {},
  "resources": [
    {
      "mode": "managed",
      "type": "github_repository_deploy_key",
      "name": "this",
      "provider": "provider[\"registry.terraform.io/hashicorp/github\"]",
      "instances": [
        {
          "schema_version": 0,
          "attributes": {
            "etag": "W/\"3d3ac5ce0f798cfe866d63f811e1e50c86220c02b7dfd7fddc3600e4b43b5c5e\"",
            "id": "infra:112750632",
            "key": "ecdsa-sha2-nistp256 AAAAE2VjZHNhLXNoYTItbmlzdHAyNTYAAAAIbmlzdHAyNTYAAABBBAQrWVuFv8rAOPIR4qH93U8kF1lfG28NfLuEWPmR+VHLPIZ/FPdpz1pgBOgR042BYPbcfRP5WmS/TPUv7e7idtw=",
            "read_only": true,
            "repository": "infra",
            "title": "Flux"
          },
          "sensitive_attributes": [],
          "private": "bnVsbA==",
          "dependencies": [
            "tls_private_key.flux"
          ]
        }
      ]
    },
    {
      "mode": "managed",
      "type": "tls_private_key",
      "name": "flux",
      "provider": "provider[\"registry.terraform.io/hashicorp/tls\"]",
      "instances": [
        {
          "schema_version": 1,
          "attributes": {
            "algorithm": "ECDSA",
            "ecdsa_curve": "P256",
            "id": "a18482e54debd18eb69e437d674c5777ba6d2f8c",
            "private_key_openssh": "-----BEGIN OPENSSH PRIVATE KEY-----\nb3BlbnNzaC1rZXktdjEAAAAABG5vbmUAAAAEbm9uZQAAAAAAAAABAAAAaAAAABNl\nY2RzYS1zaGEyLW5pc3RwMjU2AAAACG5pc3RwMjU2AAAAQQQEK1lbhb/KwDjyEeKh\n/d1PJBdZXxtvDXy7hFj5kflRyzyGfxT3ac9aYAToEdONgWD23H0T+Vpkv0z1L+3u\n4nbcAAAAoP6VBT7+lQU+AAAAE2VjZHNhLXNoYTItbmlzdHAyNTYAAAAIbmlzdHAy\nNTYAAABBBAQrWVuFv8rAOPIR4qH93U8kF1lfG28NfLuEWPmR+VHLPIZ/FPdpz1pg\nBOgR042BYPbcfRP5WmS/TPUv7e7idtwAAAAhAKPvZlpxkZ3XOTGMCIW/kKyAARFk\nWyWBwJ+BPMICa72SAAAAAAECAwQFBgc=\n-----END OPENSSH PRIVATE KEY-----\n",
            "private_key_pem": "-----BEGIN EC PRIVATE KEY-----\nMHcCAQEEIKPvZlpxkZ3XOTGMCIW/kKyAARFkWyWBwJ+BPMICa72SoAoGCCqGSM49\nAwEHoUQDQgAEBCtZW4W/ysA48hHiof3dTyQXWV8bbw18u4RY+ZH5Ucs8hn8U92nP\nWmAE6BHTjYFg9tx9E/laZL9M9S/t7uJ23A==\n-----END EC PRIVATE KEY-----\n",
            "private_key_pem_pkcs8": "-----BEGIN PRIVATE KEY-----\nMIGHAgEAMBMGByqGSM49AgEGCCqGSM49AwEHBG0wawIBAQQgo+9mWnGRndc5MYwI\nhb+QrIABEWRbJYHAn4E8wgJrvZKhRANCAAQEK1lbhb/KwDjyEeKh/d1PJBdZXxtv\nDXy7hFj5kflRyzyGfxT3ac9aYAToEdONgWD23H0T+Vpkv0z1L+3u4nbc\n-----END PRIVATE KEY-----\n",
            "public_key_fingerprint_md5": "ab:64:34:0a:2c:f4:f0:a3:1c:58:4d:52:6b:49:1b:fd",
            "public_key_fingerprint_sha256": "SHA256:J4rdsfaUDfAC/29Pc0I0b4zx7kHoG03F5LO239gWdLA",
            "public_key_openssh": "ecdsa-sha2-nistp256 AAAAE2VjZHNhLXNoYTItbmlzdHAyNTYAAAAIbmlzdHAyNTYAAABBBAQrWVuFv8rAOPIR4qH93U8kF1lfG28NfLuEWPmR+VHLPIZ/FPdpz1pgBOgR042BYPbcfRP5WmS/TPUv7e7idtw=\n",
            "public_key_pem": "-----BEGIN PUBLIC KEY-----\nMFkwEwYHKoZIzj0CAQYIKoZIzj0DAQcDQgAEBCtZW4W/ysA48hHiof3dTyQXWV8b\nbw18u4RY+ZH5Ucs8hn8U92nPWmAE6BHTjYFg9tx9E/laZL9M9S/t7uJ23A==\n-----END PUBLIC KEY-----\n",
            "rsa_bits": 2048
          },
          "sensitive_attributes": [
            [
              {
                "type": "get_attr",
                "value": "private_key_openssh"
              }
            ],
            [
              {
                "type": "get_attr",
                "value": "private_key_pem_pkcs8"
              }
            ],
            [
              {
                "type": "get_attr",
                "value": "private_key_pem"
              }
            ]
          ]
        }
      ]
    }
  ],
  "check_results": null
}
